
Microsoft Visual Studio Solution File, Format Version 12.00
# Visual Studio Version 16
VisualStudioVersion = 16.0.30114.105
MinimumVisualStudioVersion = 10.0.40219.1
Project("{2150E333-8FDC-42A3-9474-1A3956D46DE8}") = "src", "src", "{DB1A9725-FA8D-4A1C-925B-77DEF35C0D35}"
EndProject
Project("{FAE04EC0-301F-11D3-BF4B-00C04F79EFBC}") = "BlazorGolfApi", "src\BlazorGolfApi\BlazorGolfApi.csproj", "{2C4B8643-58D7-4930-951F-281AFCC749C5}"
EndProject
Project("{FAE04EC0-301F-11D3-BF4B-00C04F79EFBC}") = "BlazorGolfClient", "src\BlazorGolfClient\BlazorGolfClient.csproj", "{A9F0158C-679E-4F21-8BCB-C96394BFA85A}"
EndProject
Project("{2150E333-8FDC-42A3-9474-1A3956D46DE8}") = "tests", "tests", "{4D08B71D-4305-4F6B-84E1-B38FEAF9DC8C}"
EndProject
Project("{FAE04EC0-301F-11D3-BF4B-00C04F79EFBC}") = "ApiTests", "tests\ApiTests\ApiTests.csproj", "{0DC57913-76D8-40F3-8035-409477F48A73}"
EndProject
Project("{FAE04EC0-301F-11D3-BF4B-00C04F79EFBC}") = "BlazorGolf.Core", "src\BlazorGolf.Core\BlazorGolf.Core.csproj", "{0FAD2407-24CD-4768-9CA3-FFFEAD999390}"
EndProject
Global
	GlobalSection(SolutionConfigurationPlatforms) = preSolution
		Debug|Any CPU = Debug|Any CPU
		Release|Any CPU = Release|Any CPU
	EndGlobalSection
	GlobalSection(SolutionProperties) = preSolution
		HideSolutionNode = FALSE
	EndGlobalSection
	GlobalSection(ProjectConfigurationPlatforms) = postSolution
		{2C4B8643-58D7-4930-951F-281AFCC749C5}.Debug|Any CPU.ActiveCfg = Debug|Any CPU
		{2C4B8643-58D7-4930-951F-281AFCC749C5}.Debug|Any CPU.Build.0 = Debug|Any CPU
		{2C4B8643-58D7-4930-951F-281AFCC749C5}.Release|Any CPU.ActiveCfg = Release|Any CPU
		{2C4B8643-58D7-4930-951F-281AFCC749C5}.Release|Any CPU.Build.0 = Release|Any CPU
		{A9F0158C-679E-4F21-8BCB-C96394BFA85A}.Debug|Any CPU.ActiveCfg = Debug|Any CPU
		{A9F0158C-679E-4F21-8BCB-C96394BFA85A}.Debug|Any CPU.Build.0 = Debug|Any CPU
		{A9F0158C-679E-4F21-8BCB-C96394BFA85A}.Release|Any CPU.ActiveCfg = Release|Any CPU
		{A9F0158C-679E-4F21-8BCB-C96394BFA85A}.Release|Any CPU.Build.0 = Release|Any CPU
		{0DC57913-76D8-40F3-8035-409477F48A73}.Debug|Any CPU.ActiveCfg = Debug|Any CPU
		{0DC57913-76D8-40F3-8035-409477F48A73}.Debug|Any CPU.Build.0 = Debug|Any CPU
		{0DC57913-76D8-40F3-8035-409477F48A73}.Release|Any CPU.ActiveCfg = Release|Any CPU
		{0DC57913-76D8-40F3-8035-409477F48A73}.Release|Any CPU.Build.0 = Release|Any CPU
		{0FAD2407-24CD-4768-9CA3-FFFEAD999390}.Debug|Any CPU.ActiveCfg = Debug|Any CPU
		{0FAD2407-24CD-4768-9CA3-FFFEAD999390}.Debug|Any CPU.Build.0 = Debug|Any CPU
		{0FAD2407-24CD-4768-9CA3-FFFEAD999390}.Release|Any CPU.ActiveCfg = Release|Any CPU
		{0FAD2407-24CD-4768-9CA3-FFFEAD999390}.Release|Any CPU.Build.0 = Release|Any CPU
	EndGlobalSection
	GlobalSection(NestedProjects) = preSolution
		{2C4B8643-58D7-4930-951F-281AFCC749C5} = {DB1A9725-FA8D-4A1C-925B-77DEF35C0D35}
		{A9F0158C-679E-4F21-8BCB-C96394BFA85A} = {DB1A9725-FA8D-4A1C-925B-77DEF35C0D35}
		{0DC57913-76D8-40F3-8035-409477F48A73} = {4D08B71D-4305-4F6B-84E1-B38FEAF9DC8C}
		{0FAD2407-24CD-4768-9CA3-FFFEAD999390} = {DB1A9725-FA8D-4A1C-925B-77DEF35C0D35}
	EndGlobalSection
EndGlobal
